{
  "name": "@formonkey/knowledge-memory-mcp",
  "version": "0.1.0",
  "lockfileVersion": 3,
  "requires": true,
  "packages": {
    "": {
      "name": "@formonkey/knowledge-memory-mcp",
      "version": "0.1.0",
      "license": "MIT",
      "bin": {
        "changes-memory-mcp": "src/index.js"
      },
      "engines": {
        "node": ">=18"
      }
    }
  }
}
